
Microsoft Visual Studio Solution File, Format Version 12.00
# Visual Studio 15
VisualStudioVersion = 15.0.27703.2042
MinimumVisualStudioVersion = 10.0.40219.1
Project("{FAE04EC0-301F-11D3-BF4B-00C04F79EFBC}") = "ToDo", "ToDo\ToDo.csproj", "{4938F2B3-E0C7-4A02-8F0D-940AB511092F}"
EndProject
Project("{FAE04EC0-301F-11D3-BF4B-00C04F79EFBC}") = "SignUp.Android", "SignUp\SignUp.Android\SignUp.Android.csproj", "{8835591D-15F2-4D11-9947-40936732DB5B}"
EndProject
Project("{FAE04EC0-301F-11D3-BF4B-00C04F79EFBC}") = "SignUp.iOS", "SignUp\SignUp.iOS\SignUp.iOS.csproj", "{2D8E22D4-D2E6-434B-B108-1477EDD379BE}"
EndProject
Project("{FAE04EC0-301F-11D3-BF4B-00C04F79EFBC}") = "SignUp.UWP", "SignUp\SignUp.UWP\SignUp.UWP.csproj", "{0B27AB3A-D976-4004-B9A6-6132912DF9AB}"
EndProject
Project("{FAE04EC0-301F-11D3-BF4B-00C04F79EFBC}") = "SignUp", "SignUp\SignUp\SignUp.csproj", "{B68EBD2C-4F93-419F-B584-B99DAF3052AE}"
EndProject
Project("{2150E333-8FDC-42A3-9474-1A3956D46DE8}") = "MobileToDo", "MobileToDo", "{F8BE8EAC-C886-4EC9-A91B-79A08FB2EC78}"
EndProject
Global
	GlobalSection(SolutionConfigurationPlatforms) = preSolution
		Ad-Hoc|Any CPU = Ad-Hoc|Any CPU
		Ad-Hoc|ARM = Ad-Hoc|ARM
		Ad-Hoc|iPhone = Ad-Hoc|iPhone
		Ad-Hoc|iPhoneSimulator = Ad-Hoc|iPhoneSimulator
		Ad-Hoc|x64 = Ad-Hoc|x64
		Ad-Hoc|x86 = Ad-Hoc|x86
		AppStore|Any CPU = AppStore|Any CPU
		AppStore|ARM = AppStore|ARM
		AppStore|iPhone = AppStore|iPhone
		AppStore|iPhoneSimulator = AppStore|iPhoneSimulator
		AppStore|x64 = AppStore|x64
		AppStore|x86 = AppStore|x86
		Debug|Any CPU = Debug|Any CPU
		Debug|ARM = Debug|ARM
		Debug|iPhone = Debug|iPhone
		Debug|iPhoneSimulator = Debug|iPhoneSimulator
		Debug|x64 = Debug|x64
		Debug|x86 = Debug|x86
		Release|Any CPU = Release|Any CPU
		Release|ARM = Release|ARM
		Release|iPhone = Release|iPhone
		Release|iPhoneSimulator = Release|iPhoneSimulator
		Release|x64 = Release|x64
		Release|x86 = Release|x86
	EndGlobalSection
	GlobalSection(ProjectConfigurationPlatforms) = postSolution
		{4938F2B3-E0C7-4A02-8F0D-940AB511092F}.Ad-Hoc|Any CPU.ActiveCfg = Release|Any CPU
		{4938F2B3-E0C7-4A02-8F0D-940AB511092F}.Ad-Hoc|Any CPU.Build.0 = Release|Any CPU
		{4938F2B3-E0C7-4A02-8F0D-940AB511092F}.Ad-Hoc|ARM.ActiveCfg = Release|Any CPU
		{4938F2B3-E0C7-4A02-8F0D-940AB511092F}.Ad-Hoc|ARM.Build.0 = Release|Any CPU
		{4938F2B3-E0C7-4A02-8F0D-940AB511092F}.Ad-Hoc|iPhone.ActiveCfg = Release|Any CPU
		{4938F2B3-E0C7-4A02-8F0D-940AB511092F}.Ad-Hoc|iPhone.Build.0 = Release|Any CPU
		{4938F2B3-E0C7-4A02-8F0D-940AB511092F}.Ad-Hoc|iPhoneSimulator.ActiveCfg = Release|Any CPU
		{4938F2B3-E0C7-4A02-8F0D-940AB511092F}.Ad-Hoc|iPhoneSimulator.Build.0 = Release|Any CPU
		{4938F2B3-E0C7-4A02-8F0D-940AB511092F}.Ad-Hoc|x64.ActiveCfg = Release|Any CPU
		{4938F2B3-E0C7-4A02-8F0D-940AB511092F}.Ad-Hoc|x64.Build.0 = Release|Any CPU
		{4938F2B3-E0C7-4A02-8F0D-940AB511092F}.Ad-Hoc|x86.ActiveCfg = Release|Any CPU
		{4938F2B3-E0C7-4A02-8F0D-940AB511092F}.Ad-Hoc|x86.Build.0 = Release|Any CPU
		{4938F2B3-E0C7-4A02-8F0D-940AB511092F}.AppStore|Any CPU.ActiveCfg = Release|Any CPU
		{4938F2B3-E0C7-4A02-8F0D-940AB511092F}.AppStore|Any CPU.Build.0 = Release|Any CPU
		{4938F2B3-E0C7-4A02-8F0D-940AB511092F}.AppStore|ARM.ActiveCfg = Release|Any CPU
		{4938F2B3-E0C7-4A02-8F0D-940AB511092F}.AppStore|ARM.Build.0 = Release|Any CPU
		{4938F2B3-E0C7-4A02-8F0D-940AB511092F}.AppStore|iPhone.ActiveCfg = Release|Any CPU
		{4938F2B3-E0C7-4A02-8F0D-940AB511092F}.AppStore|iPhone.Build.0 = Release|Any CPU
		{4938F2B3-E0C7-4A02-8F0D-940AB511092F}.AppStore|iPhoneSimulator.ActiveCfg = Release|Any CPU
		{4938F2B3-E0C7-4A02-8F0D-940AB511092F}.AppStore|iPhoneSimulator.Build.0 = Release|Any CPU
		{4938F2B3-E0C7-4A02-8F0D-940AB511092F}.AppStore|x64.ActiveCfg = Release|Any CPU
		{4938F2B3-E0C7-4A02-8F0D-940AB511092F}.AppStore|x64.Build.0 = Release|Any CPU
		{4938F2B3-E0C7-4A02-8F0D-940AB511092F}.AppStore|x86.ActiveCfg = Release|Any CPU
		{4938F2B3-E0C7-4A02-8F0D-940AB511092F}.AppStore|x86.Build.0 = Release|Any CPU
		{4938F2B3-E0C7-4A02-8F0D-940AB511092F}.Debug|Any CPU.ActiveCfg = Debug|Any CPU
		{4938F2B3-E0C7-4A02-8F0D-940AB511092F}.Debug|Any CPU.Build.0 = Debug|Any CPU
		{4938F2B3-E0C7-4A02-8F0D-940AB511092F}.Debug|ARM.ActiveCfg = Debug|Any CPU
		{4938F2B3-E0C7-4A02-8F0D-940AB511092F}.Debug|ARM.Build.0 = Debug|Any CPU
		{4938F2B3-E0C7-4A02-8F0D-940AB511092F}.Debug|iPhone.ActiveCfg = Debug|Any CPU
		{4938F2B3-E0C7-4A02-8F0D-940AB511092F}.Debug|iPhone.Build.0 = Debug|Any CPU
		{4938F2B3-E0C7-4A02-8F0D-940AB511092F}.Debug|iPhoneSimulator.ActiveCfg = Debug|Any CPU
		{4938F2B3-E0C7-4A02-8F0D-940AB511092F}.Debug|iPhoneSimulator.Build.0 = Debug|Any CPU
		{4938F2B3-E0C7-4A02-8F0D-940AB511092F}.Debug|x64.ActiveCfg = Debug|Any CPU
		{4938F2B3-E0C7-4A02-8F0D-940AB511092F}.Debug|x64.Build.0 = Debug|Any CPU
		{4938F2B3-E0C7-4A02-8F0D-940AB511092F}.Debug|x86.ActiveCfg = Debug|Any CPU
		{4938F2B3-E0C7-4A02-8F0D-940AB511092F}.Debug|x86.Build.0 = Debug|Any CPU
		{4938F2B3-E0C7-4A02-8F0D-940AB511092F}.Release|Any CPU.ActiveCfg = Release|Any CPU
		{4938F2B3-E0C7-4A02-8F0D-940AB511092F}.Release|Any CPU.Build.0 = Release|Any CPU
		{4938F2B3-E0C7-4A02-8F0D-940AB511092F}.Release|ARM.ActiveCfg = Release|Any CPU
		{4938F2B3-E0C7-4A02-8F0D-940AB511092F}.Release|ARM.Build.0 = Release|Any CPU
		{4938F2B3-E0C7-4A02-8F0D-940AB511092F}.Release|iPhone.ActiveCfg = Release|Any CPU
		{4938F2B3-E0C7-4A02-8F0D-940AB511092F}.Release|iPhone.Build.0 = Release|Any CPU
		{4938F2B3-E0C7-4A02-8F0D-940AB511092F}.Release|iPhoneSimulator.ActiveCfg = Release|Any CPU
		{4938F2B3-E0C7-4A02-8F0D-940AB511092F}.Release|iPhoneSimulator.Build.0 = Release|Any CPU
		{4938F2B3-E0C7-4A02-8F0D-940AB511092F}.Release|x64.ActiveCfg = Release|Any CPU
		{4938F2B3-E0C7-4A02-8F0D-940AB511092F}.Release|x64.Build.0 = Release|Any CPU
		{4938F2B3-E0C7-4A02-8F0D-940AB511092F}.Release|x86.ActiveCfg = Release|Any CPU
		{4938F2B3-E0C7-4A02-8F0D-940AB511092F}.Release|x86.Build.0 = Release|Any CPU
		{8835591D-15F2-4D11-9947-40936732DB5B}.Ad-Hoc|Any CPU.ActiveCfg = Release|Any CPU
		{8835591D-15F2-4D11-9947-40936732DB5B}.Ad-Hoc|Any CPU.Build.0 = Release|Any CPU
		{8835591D-15F2-4D11-9947-40936732DB5B}.Ad-Hoc|Any CPU.Deploy.0 = Release|Any CPU
		{8835591D-15F2-4D11-9947-40936732DB5B}.Ad-Hoc|ARM.ActiveCfg = Release|Any CPU
		{8835591D-15F2-4D11-9947-40936732DB5B}.Ad-Hoc|ARM.Build.0 = Release|Any CPU
		{8835591D-15F2-4D11-9947-40936732DB5B}.Ad-Hoc|ARM.Deploy.0 = Release|Any CPU
		{8835591D-15F2-4D11-9947-40936732DB5B}.Ad-Hoc|iPhone.ActiveCfg = Release|Any CPU
		{8835591D-15F2-4D11-9947-40936732DB5B}.Ad-Hoc|iPhone.Build.0 = Release|Any CPU
		{8835591D-15F2-4D11-9947-40936732DB5B}.Ad-Hoc|iPhone.Deploy.0 = Release|Any CPU
		{8835591D-15F2-4D11-9947-40936732DB5B}.Ad-Hoc|iPhoneSimulator.ActiveCfg = Release|Any CPU
		{8835591D-15F2-4D11-9947-40936732DB5B}.Ad-Hoc|iPhoneSimulator.Build.0 = Release|Any CPU
		{8835591D-15F2-4D11-9947-40936732DB5B}.Ad-Hoc|iPhoneSimulator.Deploy.0 = Release|Any CPU
		{8835591D-15F2-4D11-9947-40936732DB5B}.Ad-Hoc|x64.ActiveCfg = Release|Any CPU
		{8835591D-15F2-4D11-9947-40936732DB5B}.Ad-Hoc|x64.Build.0 = Release|Any CPU
		{8835591D-15F2-4D11-9947-40936732DB5B}.Ad-Hoc|x64.Deploy.0 = Release|Any CPU
		{8835591D-15F2-4D11-9947-40936732DB5B}.Ad-Hoc|x86.ActiveCfg = Release|Any CPU
		{8835591D-15F2-4D11-9947-40936732DB5B}.Ad-Hoc|x86.Build.0 = Release|Any CPU
		{8835591D-15F2-4D11-9947-40936732DB5B}.Ad-Hoc|x86.Deploy.0 = Release|Any CPU
		{8835591D-15F2-4D11-9947-40936732DB5B}.AppStore|Any CPU.ActiveCfg = Release|Any CPU
		{8835591D-15F2-4D11-9947-40936732DB5B}.AppStore|Any CPU.Build.0 = Release|Any CPU
		{8835591D-15F2-4D11-9947-40936732DB5B}.AppStore|Any CPU.Deploy.0 = Release|Any CPU
		{8835591D-15F2-4D11-9947-40936732DB5B}.AppStore|ARM.ActiveCfg = Release|Any CPU
		{8835591D-15F2-4D11-9947-40936732DB5B}.AppStore|ARM.Build.0 = Release|Any CPU
		{8835591D-15F2-4D11-9947-40936732DB5B}.AppStore|ARM.Deploy.0 = Release|Any CPU
		{8835591D-15F2-4D11-9947-40936732DB5B}.AppStore|iPhone.ActiveCfg = Release|Any CPU
		{8835591D-15F2-4D11-9947-40936732DB5B}.AppStore|iPhone.Build.0 = Release|Any CPU
		{8835591D-15F2-4D11-9947-40936732DB5B}.AppStore|iPhone.Deploy.0 = Release|Any CPU
		{8835591D-15F2-4D11-9947-40936732DB5B}.AppStore|iPhoneSimulator.ActiveCfg = Release|Any CPU
		{8835591D-15F2-4D11-9947-40936732DB5B}.AppStore|iPhoneSimulator.Build.0 = Release|Any CPU
		{8835591D-15F2-4D11-9947-40936732DB5B}.AppStore|iPhoneSimulator.Deploy.0 = Release|Any CPU
		{8835591D-15F2-4D11-9947-40936732DB5B}.AppStore|x64.ActiveCfg = Release|Any CPU
		{8835591D-15F2-4D11-9947-40936732DB5B}.AppStore|x64.Build.0 = Release|Any CPU
		{8835591D-15F2-4D11-9947-40936732DB5B}.AppStore|x64.Deploy.0 = Release|Any CPU
		{8835591D-15F2-4D11-9947-40936732DB5B}.AppStore|x86.ActiveCfg = Release|Any CPU
		{8835591D-15F2-4D11-9947-40936732DB5B}.AppStore|x86.Build.0 = Release|Any CPU
		{8835591D-15F2-4D11-9947-40936732DB5B}.AppStore|x86.Deploy.0 = Release|Any CPU
		{8835591D-15F2-4D11-9947-40936732DB5B}.Debug|Any CPU.ActiveCfg = Debug|Any CPU
		{8835591D-15F2-4D11-9947-40936732DB5B}.Debug|Any CPU.Build.0 = Debug|Any CPU
		{8835591D-15F2-4D11-9947-40936732DB5B}.Debug|Any CPU.Deploy.0 = Debug|Any CPU
		{8835591D-15F2-4D11-9947-40936732DB5B}.Debug|ARM.ActiveCfg = Debug|Any CPU
		{8835591D-15F2-4D11-9947-40936732DB5B}.Debug|ARM.Build.0 = Debug|Any CPU
		{8835591D-15F2-4D11-9947-40936732DB5B}.Debug|ARM.Deploy.0 = Debug|Any CPU
		{8835591D-15F2-4D11-9947-40936732DB5B}.Debug|iPhone.ActiveCfg = Debug|Any CPU
		{8835591D-15F2-4D11-9947-40936732DB5B}.Debug|iPhone.Build.0 = Debug|Any CPU
		{8835591D-15F2-4D11-9947-40936732DB5B}.Debug|iPhone.Deploy.0 = Debug|Any CPU
		{8835591D-15F2-4D11-9947-40936732DB5B}.Debug|iPhoneSimulator.ActiveCfg = Debug|Any CPU
		{8835591D-15F2-4D11-9947-40936732DB5B}.Debug|iPhoneSimulator.Build.0 = Debug|Any CPU
		{8835591D-15F2-4D11-9947-40936732DB5B}.Debug|iPhoneSimulator.Deploy.0 = Debug|Any CPU
		{8835591D-15F2-4D11-9947-40936732DB5B}.Debug|x64.ActiveCfg = Debug|Any CPU
		{8835591D-15F2-4D11-9947-40936732DB5B}.Debug|x64.Build.0 = Debug|Any CPU
		{8835591D-15F2-4D11-9947-40936732DB5B}.Debug|x64.Deploy.0 = Debug|Any CPU
		{8835591D-15F2-4D11-9947-40936732DB5B}.Debug|x86.ActiveCfg = Debug|Any CPU
		{8835591D-15F2-4D11-9947-40936732DB5B}.Debug|x86.Build.0 = Debug|Any CPU
		{8835591D-15F2-4D11-9947-40936732DB5B}.Debug|x86.Deploy.0 = Debug|Any CPU
		{8835591D-15F2-4D11-9947-40936732DB5B}.Release|Any CPU.ActiveCfg = Release|Any CPU
		{8835591D-15F2-4D11-9947-40936732DB5B}.Release|Any CPU.Build.0 = Release|Any CPU
		{8835591D-15F2-4D11-9947-40936732DB5B}.Release|Any CPU.Deploy.0 = Release|Any CPU
		{8835591D-15F2-4D11-9947-40936732DB5B}.Release|ARM.ActiveCfg = Release|Any CPU
		{8835591D-15F2-4D11-9947-40936732DB5B}.Release|ARM.Build.0 = Release|Any CPU
		{8835591D-15F2-4D11-9947-40936732DB5B}.Release|ARM.Deploy.0 = Release|Any CPU
		{8835591D-15F2-4D11-9947-40936732DB5B}.Release|iPhone.ActiveCfg = Release|Any CPU
		{8835591D-15F2-4D11-9947-40936732DB5B}.Release|iPhone.Build.0 = Release|Any CPU
		{8835591D-15F2-4D11-9947-40936732DB5B}.Release|iPhone.Deploy.0 = Release|Any CPU
		{8835591D-15F2-4D11-9947-40936732DB5B}.Release|iPhoneSimulator.ActiveCfg = Release|Any CPU
		{8835591D-15F2-4D11-9947-40936732DB5B}.Release|iPhoneSimulator.Build.0 = Release|Any CPU
		{8835591D-15F2-4D11-9947-40936732DB5B}.Release|iPhoneSimulator.Deploy.0 = Release|Any CPU
		{8835591D-15F2-4D11-9947-40936732DB5B}.Release|x64.ActiveCfg = Release|Any CPU
		{8835591D-15F2-4D11-9947-40936732DB5B}.Release|x64.Build.0 = Release|Any CPU
		{8835591D-15F2-4D11-9947-40936732DB5B}.Release|x64.Deploy.0 = Release|Any CPU
		{8835591D-15F2-4D11-9947-40936732DB5B}.Release|x86.ActiveCfg = Release|Any CPU
		{8835591D-15F2-4D11-9947-40936732DB5B}.Release|x86.Build.0 = Release|Any CPU
		{8835591D-15F2-4D11-9947-40936732DB5B}.Release|x86.Deploy.0 = Release|Any CPU
		{2D8E22D4-D2E6-434B-B108-1477EDD379BE}.Ad-Hoc|Any CPU.ActiveCfg = Ad-Hoc|iPhone
		{2D8E22D4-D2E6-434B-B108-1477EDD379BE}.Ad-Hoc|ARM.ActiveCfg = Ad-Hoc|iPhone
		{2D8E22D4-D2E6-434B-B108-1477EDD379BE}.Ad-Hoc|iPhone.ActiveCfg = Ad-Hoc|iPhone
		{2D8E22D4-D2E6-434B-B108-1477EDD379BE}.Ad-Hoc|iPhone.Build.0 = Ad-Hoc|iPhone
		{2D8E22D4-D2E6-434B-B108-1477EDD379BE}.Ad-Hoc|iPhoneSimulator.ActiveCfg = Ad-Hoc|iPhoneSimulator
		{2D8E22D4-D2E6-434B-B108-1477EDD379BE}.Ad-Hoc|iPhoneSimulator.Build.0 = Ad-Hoc|iPhoneSimulator
		{2D8E22D4-D2E6-434B-B108-1477EDD379BE}.Ad-Hoc|x64.ActiveCfg = Ad-Hoc|iPhone
		{2D8E22D4-D2E6-434B-B108-1477EDD379BE}.Ad-Hoc|x86.ActiveCfg = Ad-Hoc|iPhone
		{2D8E22D4-D2E6-434B-B108-1477EDD379BE}.AppStore|Any CPU.ActiveCfg = AppStore|iPhone
		{2D8E22D4-D2E6-434B-B108-1477EDD379BE}.AppStore|ARM.ActiveCfg = AppStore|iPhone
		{2D8E22D4-D2E6-434B-B108-1477EDD379BE}.AppStore|iPhone.ActiveCfg = AppStore|iPhone
		{2D8E22D4-D2E6-434B-B108-1477EDD379BE}.AppStore|iPhone.Build.0 = AppStore|iPhone
		{2D8E22D4-D2E6-434B-B108-1477EDD379BE}.AppStore|iPhoneSimulator.ActiveCfg = AppStore|iPhoneSimulator
		{2D8E22D4-D2E6-434B-B108-1477EDD379BE}.AppStore|iPhoneSimulator.Build.0 = AppStore|iPhoneSimulator
		{2D8E22D4-D2E6-434B-B108-1477EDD379BE}.AppStore|x64.ActiveCfg = AppStore|iPhone
		{2D8E22D4-D2E6-434B-B108-1477EDD379BE}.AppStore|x86.ActiveCfg = AppStore|iPhone
		{2D8E22D4-D2E6-434B-B108-1477EDD379BE}.Debug|Any CPU.ActiveCfg = Debug|iPhone
		{2D8E22D4-D2E6-434B-B108-1477EDD379BE}.Debug|ARM.ActiveCfg = Debug|iPhone
		{2D8E22D4-D2E6-434B-B108-1477EDD379BE}.Debug|iPhone.ActiveCfg = Debug|iPhone
		{2D8E22D4-D2E6-434B-B108-1477EDD379BE}.Debug|iPhone.Build.0 = Debug|iPhone
		{2D8E22D4-D2E6-434B-B108-1477EDD379BE}.Debug|iPhoneSimulator.ActiveCfg = Debug|iPhoneSimulator
		{2D8E22D4-D2E6-434B-B108-1477EDD379BE}.Debug|iPhoneSimulator.Build.0 = Debug|iPhoneSimulator
		{2D8E22D4-D2E6-434B-B108-1477EDD379BE}.Debug|x64.ActiveCfg = Debug|iPhone
		{2D8E22D4-D2E6-434B-B108-1477EDD379BE}.Debug|x86.ActiveCfg = Debug|iPhone
		{2D8E22D4-D2E6-434B-B108-1477EDD379BE}.Release|Any CPU.ActiveCfg = Release|iPhone
		{2D8E22D4-D2E6-434B-B108-1477EDD379BE}.Release|ARM.ActiveCfg = Release|iPhone
		{2D8E22D4-D2E6-434B-B108-1477EDD379BE}.Release|iPhone.ActiveCfg = Release|iPhone
		{2D8E22D4-D2E6-434B-B108-1477EDD379BE}.Release|iPhone.Build.0 = Release|iPhone
		{2D8E22D4-D2E6-434B-B108-1477EDD379BE}.Release|iPhoneSimulator.ActiveCfg = Release|iPhoneSimulator
		{2D8E22D4-D2E6-434B-B108-1477EDD379BE}.Release|iPhoneSimulator.Build.0 = Release|iPhoneSimulator
		{2D8E22D4-D2E6-434B-B108-1477EDD379BE}.Release|x64.ActiveCfg = Release|iPhone
		{2D8E22D4-D2E6-434B-B108-1477EDD379BE}.Release|x86.ActiveCfg = Release|iPhone
		{0B27AB3A-D976-4004-B9A6-6132912DF9AB}.Ad-Hoc|Any CPU.ActiveCfg = Release|x86
		{0B27AB3A-D976-4004-B9A6-6132912DF9AB}.Ad-Hoc|Any CPU.Build.0 = Release|x86
		{0B27AB3A-D976-4004-B9A6-6132912DF9AB}.Ad-Hoc|Any CPU.Deploy.0 = Release|x86
		{0B27AB3A-D976-4004-B9A6-6132912DF9AB}.Ad-Hoc|ARM.ActiveCfg = Release|ARM
		{0B27AB3A-D976-4004-B9A6-6132912DF9AB}.Ad-Hoc|ARM.Build.0 = Release|ARM
		{0B27AB3A-D976-4004-B9A6-6132912DF9AB}.Ad-Hoc|ARM.Deploy.0 = Release|ARM
		{0B27AB3A-D976-4004-B9A6-6132912DF9AB}.Ad-Hoc|iPhone.ActiveCfg = Release|x86
		{0B27AB3A-D976-4004-B9A6-6132912DF9AB}.Ad-Hoc|iPhone.Build.0 = Release|x86
		{0B27AB3A-D976-4004-B9A6-6132912DF9AB}.Ad-Hoc|iPhone.Deploy.0 = Release|x86
		{0B27AB3A-D976-4004-B9A6-6132912DF9AB}.Ad-Hoc|iPhoneSimulator.ActiveCfg = Release|x86
		{0B27AB3A-D976-4004-B9A6-6132912DF9AB}.Ad-Hoc|iPhoneSimulator.Build.0 = Release|x86
		{0B27AB3A-D976-4004-B9A6-6132912DF9AB}.Ad-Hoc|iPhoneSimulator.Deploy.0 = Release|x86
		{0B27AB3A-D976-4004-B9A6-6132912DF9AB}.Ad-Hoc|x64.ActiveCfg = Release|x64
		{0B27AB3A-D976-4004-B9A6-6132912DF9AB}.Ad-Hoc|x64.Build.0 = Release|x64
		{0B27AB3A-D976-4004-B9A6-6132912DF9AB}.Ad-Hoc|x64.Deploy.0 = Release|x64
		{0B27AB3A-D976-4004-B9A6-6132912DF9AB}.Ad-Hoc|x86.ActiveCfg = Release|x86
		{0B27AB3A-D976-4004-B9A6-6132912DF9AB}.Ad-Hoc|x86.Build.0 = Release|x86
		{0B27AB3A-D976-4004-B9A6-6132912DF9AB}.Ad-Hoc|x86.Deploy.0 = Release|x86
		{0B27AB3A-D976-4004-B9A6-6132912DF9AB}.AppStore|Any CPU.ActiveCfg = Release|x86
		{0B27AB3A-D976-4004-B9A6-6132912DF9AB}.AppStore|Any CPU.Build.0 = Release|x86
		{0B27AB3A-D976-4004-B9A6-6132912DF9AB}.AppStore|Any CPU.Deploy.0 = Release|x86
		{0B27AB3A-D976-4004-B9A6-6132912DF9AB}.AppStore|ARM.ActiveCfg = Release|ARM
		{0B27AB3A-D976-4004-B9A6-6132912DF9AB}.AppStore|ARM.Build.0 = Release|ARM
		{0B27AB3A-D976-4004-B9A6-6132912DF9AB}.AppStore|ARM.Deploy.0 = Release|ARM
		{0B27AB3A-D976-4004-B9A6-6132912DF9AB}.AppStore|iPhone.ActiveCfg = Release|x86
		{0B27AB3A-D976-4004-B9A6-6132912DF9AB}.AppStore|iPhone.Build.0 = Release|x86
		{0B27AB3A-D976-4004-B9A6-6132912DF9AB}.AppStore|iPhone.Deploy.0 = Release|x86
		{0B27AB3A-D976-4004-B9A6-6132912DF9AB}.AppStore|iPhoneSimulator.ActiveCfg = Release|x86
		{0B27AB3A-D976-4004-B9A6-6132912DF9AB}.AppStore|iPhoneSimulator.Build.0 = Release|x86
		{0B27AB3A-D976-4004-B9A6-6132912DF9AB}.AppStore|iPhoneSimulator.Deploy.0 = Release|x86
		{0B27AB3A-D976-4004-B9A6-6132912DF9AB}.AppStore|x64.ActiveCfg = Release|x64
		{0B27AB3A-D976-4004-B9A6-6132912DF9AB}.AppStore|x64.Build.0 = Release|x64
		{0B27AB3A-D976-4004-B9A6-6132912DF9AB}.AppStore|x64.Deploy.0 = Release|x64
		{0B27AB3A-D976-4004-B9A6-6132912DF9AB}.AppStore|x86.ActiveCfg = Release|x86
		{0B27AB3A-D976-4004-B9A6-6132912DF9AB}.AppStore|x86.Build.0 = Release|x86
		{0B27AB3A-D976-4004-B9A6-6132912DF9AB}.AppStore|x86.Deploy.0 = Release|x86
		{0B27AB3A-D976-4004-B9A6-6132912DF9AB}.Debug|Any CPU.ActiveCfg = Debug|x86
		{0B27AB3A-D976-4004-B9A6-6132912DF9AB}.Debug|ARM.ActiveCfg = Debug|ARM
		{0B27AB3A-D976-4004-B9A6-6132912DF9AB}.Debug|ARM.Build.0 = Debug|ARM
		{0B27AB3A-D976-4004-B9A6-6132912DF9AB}.Debug|ARM.Deploy.0 = Debug|ARM
		{0B27AB3A-D976-4004-B9A6-6132912DF9AB}.Debug|iPhone.ActiveCfg = Debug|x86
		{0B27AB3A-D976-4004-B9A6-6132912DF9AB}.Debug|iPhoneSimulator.ActiveCfg = Debug|x86
		{0B27AB3A-D976-4004-B9A6-6132912DF9AB}.Debug|x64.ActiveCfg = Debug|x64
		{0B27AB3A-D976-4004-B9A6-6132912DF9AB}.Debug|x64.Build.0 = Debug|x64
		{0B27AB3A-D976-4004-B9A6-6132912DF9AB}.Debug|x64.Deploy.0 = Debug|x64
		{0B27AB3A-D976-4004-B9A6-6132912DF9AB}.Debug|x86.ActiveCfg = Debug|x86
		{0B27AB3A-D976-4004-B9A6-6132912DF9AB}.Debug|x86.Build.0 = Debug|x86
		{0B27AB3A-D976-4004-B9A6-6132912DF9AB}.Debug|x86.Deploy.0 = Debug|x86
		{0B27AB3A-D976-4004-B9A6-6132912DF9AB}.Release|Any CPU.ActiveCfg = Release|x86
		{0B27AB3A-D976-4004-B9A6-6132912DF9AB}.Release|ARM.ActiveCfg = Release|ARM
		{0B27AB3A-D976-4004-B9A6-6132912DF9AB}.Release|ARM.Build.0 = Release|ARM
		{0B27AB3A-D976-4004-B9A6-6132912DF9AB}.Release|ARM.Deploy.0 = Release|ARM
		{0B27AB3A-D976-4004-B9A6-6132912DF9AB}.Release|iPhone.ActiveCfg = Release|x86
		{0B27AB3A-D976-4004-B9A6-6132912DF9AB}.Release|iPhoneSimulator.ActiveCfg = Release|x86
		{0B27AB3A-D976-4004-B9A6-6132912DF9AB}.Release|x64.ActiveCfg = Release|x64
		{0B27AB3A-D976-4004-B9A6-6132912DF9AB}.Release|x64.Build.0 = Release|x64
		{0B27AB3A-D976-4004-B9A6-6132912DF9AB}.Release|x64.Deploy.0 = Release|x64
		{0B27AB3A-D976-4004-B9A6-6132912DF9AB}.Release|x86.ActiveCfg = Release|x86
		{0B27AB3A-D976-4004-B9A6-6132912DF9AB}.Release|x86.Build.0 = Release|x86
		{0B27AB3A-D976-4004-B9A6-6132912DF9AB}.Release|x86.Deploy.0 = Release|x86
		{B68EBD2C-4F93-419F-B584-B99DAF3052AE}.Ad-Hoc|Any CPU.ActiveCfg = Debug|Any CPU
		{B68EBD2C-4F93-419F-B584-B99DAF3052AE}.Ad-Hoc|Any CPU.Build.0 = Debug|Any CPU
		{B68EBD2C-4F93-419F-B584-B99DAF3052AE}.Ad-Hoc|ARM.ActiveCfg = Debug|Any CPU
		{B68EBD2C-4F93-419F-B584-B99DAF3052AE}.Ad-Hoc|ARM.Build.0 = Debug|Any CPU
		{B68EBD2C-4F93-419F-B584-B99DAF3052AE}.Ad-Hoc|iPhone.ActiveCfg = Debug|Any CPU
		{B68EBD2C-4F93-419F-B584-B99DAF3052AE}.Ad-Hoc|iPhone.Build.0 = Debug|Any CPU
		{B68EBD2C-4F93-419F-B584-B99DAF3052AE}.Ad-Hoc|iPhoneSimulator.ActiveCfg = Debug|Any CPU
		{B68EBD2C-4F93-419F-B584-B99DAF3052AE}.Ad-Hoc|iPhoneSimulator.Build.0 = Debug|Any CPU
		{B68EBD2C-4F93-419F-B584-B99DAF3052AE}.Ad-Hoc|x64.ActiveCfg = Debug|Any CPU
		{B68EBD2C-4F93-419F-B584-B99DAF3052AE}.Ad-Hoc|x64.Build.0 = Debug|Any CPU
		{B68EBD2C-4F93-419F-B584-B99DAF3052AE}.Ad-Hoc|x86.ActiveCfg = Debug|Any CPU
		{B68EBD2C-4F93-419F-B584-B99DAF3052AE}.Ad-Hoc|x86.Build.0 = Debug|Any CPU
		{B68EBD2C-4F93-419F-B584-B99DAF3052AE}.AppStore|Any CPU.ActiveCfg = Debug|Any CPU
		{B68EBD2C-4F93-419F-B584-B99DAF3052AE}.AppStore|Any CPU.Build.0 = Debug|Any CPU
		{B68EBD2C-4F93-419F-B584-B99DAF3052AE}.AppStore|ARM.ActiveCfg = Debug|Any CPU
		{B68EBD2C-4F93-419F-B584-B99DAF3052AE}.AppStore|ARM.Build.0 = Debug|Any CPU
		{B68EBD2C-4F93-419F-B584-B99DAF3052AE}.AppStore|iPhone.ActiveCfg = Debug|Any CPU
		{B68EBD2C-4F93-419F-B584-B99DAF3052AE}.AppStore|iPhone.Build.0 = Debug|Any CPU
		{B68EBD2C-4F93-419F-B584-B99DAF3052AE}.AppStore|iPhoneSimulator.ActiveCfg = Debug|Any CPU
		{B68EBD2C-4F93-419F-B584-B99DAF3052AE}.AppStore|iPhoneSimulator.Build.0 = Debug|Any CPU
		{B68EBD2C-4F93-419F-B584-B99DAF3052AE}.AppStore|x64.ActiveCfg = Debug|Any CPU
		{B68EBD2C-4F93-419F-B584-B99DAF3052AE}.AppStore|x64.Build.0 = Debug|Any CPU
		{B68EBD2C-4F93-419F-B584-B99DAF3052AE}.AppStore|x86.ActiveCfg = Debug|Any CPU
		{B68EBD2C-4F93-419F-B584-B99DAF3052AE}.AppStore|x86.Build.0 = Debug|Any CPU
		{B68EBD2C-4F93-419F-B584-B99DAF3052AE}.Debug|Any CPU.ActiveCfg = Debug|Any CPU
		{B68EBD2C-4F93-419F-B584-B99DAF3052AE}.Debug|Any CPU.Build.0 = Debug|Any CPU
		{B68EBD2C-4F93-419F-B584-B99DAF3052AE}.Debug|ARM.ActiveCfg = Debug|Any CPU
		{B68EBD2C-4F93-419F-B584-B99DAF3052AE}.Debug|ARM.Build.0 = Debug|Any CPU
		{B68EBD2C-4F93-419F-B584-B99DAF3052AE}.Debug|iPhone.ActiveCfg = Debug|Any CPU
		{B68EBD2C-4F93-419F-B584-B99DAF3052AE}.Debug|iPhone.Build.0 = Debug|Any CPU
		{B68EBD2C-4F93-419F-B584-B99DAF3052AE}.Debug|iPhoneSimulator.ActiveCfg = Debug|Any CPU
		{B68EBD2C-4F93-419F-B584-B99DAF3052AE}.Debug|iPhoneSimulator.Build.0 = Debug|Any CPU
		{B68EBD2C-4F93-419F-B584-B99DAF3052AE}.Debug|x64.ActiveCfg = Debug|Any CPU
		{B68EBD2C-4F93-419F-B584-B99DAF3052AE}.Debug|x64.Build.0 = Debug|Any CPU
		{B68EBD2C-4F93-419F-B584-B99DAF3052AE}.Debug|x86.ActiveCfg = Debug|Any CPU
		{B68EBD2C-4F93-419F-B584-B99DAF3052AE}.Debug|x86.Build.0 = Debug|Any CPU
		{B68EBD2C-4F93-419F-B584-B99DAF3052AE}.Release|Any CPU.ActiveCfg = Release|Any CPU
		{B68EBD2C-4F93-419F-B584-B99DAF3052AE}.Release|Any CPU.Build.0 = Release|Any CPU
		{B68EBD2C-4F93-419F-B584-B99DAF3052AE}.Release|ARM.ActiveCfg = Release|Any CPU
		{B68EBD2C-4F93-419F-B584-B99DAF3052AE}.Release|ARM.Build.0 = Release|Any CPU
		{B68EBD2C-4F93-419F-B584-B99DAF3052AE}.Release|iPhone.ActiveCfg = Release|Any CPU
		{B68EBD2C-4F93-419F-B584-B99DAF3052AE}.Release|iPhone.Build.0 = Release|Any CPU
		{B68EBD2C-4F93-419F-B584-B99DAF3052AE}.Release|iPhoneSimulator.ActiveCfg = Release|Any CPU
		{B68EBD2C-4F93-419F-B584-B99DAF3052AE}.Release|iPhoneSimulator.Build.0 = Release|Any CPU
		{B68EBD2C-4F93-419F-B584-B99DAF3052AE}.Release|x64.ActiveCfg = Release|Any CPU
		{B68EBD2C-4F93-419F-B584-B99DAF3052AE}.Release|x64.Build.0 = Release|Any CPU
		{B68EBD2C-4F93-419F-B584-B99DAF3052AE}.Release|x86.ActiveCfg = Release|Any CPU
		{B68EBD2C-4F93-419F-B584-B99DAF3052AE}.Release|x86.Build.0 = Release|Any CPU
	EndGlobalSection
	GlobalSection(SolutionProperties) = preSolution
		HideSolutionNode = FALSE
	EndGlobalSection
	GlobalSection(NestedProjects) = preSolution
		{8835591D-15F2-4D11-9947-40936732DB5B} = {F8BE8EAC-C886-4EC9-A91B-79A08FB2EC78}
		{2D8E22D4-D2E6-434B-B108-1477EDD379BE} = {F8BE8EAC-C886-4EC9-A91B-79A08FB2EC78}
		{0B27AB3A-D976-4004-B9A6-6132912DF9AB} = {F8BE8EAC-C886-4EC9-A91B-79A08FB2EC78}
		{B68EBD2C-4F93-419F-B584-B99DAF3052AE} = {F8BE8EAC-C886-4EC9-A91B-79A08FB2EC78}
	EndGlobalSection
	GlobalSection(ExtensibilityGlobals) = postSolution
		SolutionGuid = {A4768078-3975-4865-8853-61A38623DA6A}
	EndGlobalSection
EndGlobal
